{
	"name": "@js-util/config-loader",
	"version": "1.2.6",
	"lockfileVersion": 3,
	"requires": true,
	"packages": {
		"": {
			"name": "@js-util/config-loader",
			"version": "1.2.6",
			"license": "MIT",
			"dependencies": {
				"@js-util/config-object-merge": "^1.0.1",
				"@js-util/fetch-nested-value": "^1.0.4",
				"fs-extra": "^8.1.0",
				"hjson": "^3.2.1"
			}
		},
		"node_modules/@js-util/config-object-merge": {
			"version": "1.0.4",
			"resolved": "https://registry.npmjs.org/@js-util/config-object-merge/-/config-object-merge-1.0.4.tgz",
			"integrity": "sha512-RX2bl3IOCUok+J7Lj3E7v6Jch9SU0K1rPwMzAtvMzm+q7+jy9p88pXcJoT8VnpRXjEdLbmCU0WxA76wa71OJiA==",
			"engines": {
				"node": ">=8.0.0"
			}
		},
		"node_modules/@js-util/fetch-nested-value": {
			"version": "1.0.4",
			"resolved": "https://registry.npmjs.org/@js-util/fetch-nested-value/-/fetch-nested-value-1.0.4.tgz",
			"integrity": "sha512-r+95jWvfi0KsTSGo2Wc6h6WT84LK1bE/IXEWvd33kQuPf1kZCEg6mkClfLlzWYn/H608VvqdsJ73qZvF9fNRYA==",
			"engines": {
				"node": ">=8.0.0"
			}
		},
		"node_modules/fs-extra": {
			"version": "8.1.0",
			"resolved": "https://registry.npmjs.org/fs-extra/-/fs-extra-8.1.0.tgz",
			"integrity": "sha512-yhlQgA6mnOJUKOsRUFsgJdQCvkKhcz8tlZG5HBQfReYZy46OwLcY+Zia0mtdHsOo9y/hP+CxMN0TU9QxoOtG4g==",
			"dependencies": {
				"graceful-fs": "^4.2.0",
				"jsonfile": "^4.0.0",
				"universalify": "^0.1.0"
			},
			"engines": {
				"node": ">=6 <7 || >=8"
			}
		},
		"node_modules/graceful-fs": {
			"version": "4.2.11",
			"resolved": "https://registry.npmjs.org/graceful-fs/-/graceful-fs-4.2.11.tgz",
			"integrity": "sha512-RbJ5/jmFcNNCcDV5o9eTnBLJ/HszWV0P73bc+Ff4nS/rJj+YaS6IGyiOL0VoBYX+l1Wrl3k63h/KrH+nhJ0XvQ=="
		},
		"node_modules/hjson": {
			"version": "3.2.2",
			"resolved": "https://registry.npmjs.org/hjson/-/hjson-3.2.2.tgz",
			"integrity": "sha512-MkUeB0cTIlppeSsndgESkfFD21T2nXPRaBStLtf3cAYA2bVEFdXlodZB0TukwZiobPD1Ksax5DK4RTZeaXCI3Q==",
			"bin": {
				"hjson": "bin/hjson"
			}
		},
		"node_modules/jsonfile": {
			"version": "4.0.0",
			"resolved": "https://registry.npmjs.org/jsonfile/-/jsonfile-4.0.0.tgz",
			"integrity": "sha512-m6F1R3z8jjlf2imQHS2Qez5sjKWQzbuuhuJ/FKYFRZvPE3PuHcSMVZzfsLhGVOkfd20obL5SWEBew5ShlquNxg==",
			"optionalDependencies": {
				"graceful-fs": "^4.1.6"
			}
		},
		"node_modules/universalify": {
			"version": "0.1.2",
			"resolved": "https://registry.npmjs.org/universalify/-/universalify-0.1.2.tgz",
			"integrity": "sha512-rBJeI5CXAlmy1pV+617WB9J63U6XcazHHF2f2dbJix4XzpUF0RS3Zbj0FGIOCAva5P/d/GBOYaACQ1w+0azUkg==",
			"engines": {
				"node": ">= 4.0.0"
			}
		}
	}
}
